
Microsoft Visual Studio Solution File, Format Version 12.00
# Visual Studio Version 16
VisualStudioVersion = 16.0.29905.134
MinimumVisualStudioVersion = 10.0.40219.1
Project("{FAE04EC0-301F-11D3-BF4B-00C04F79EFBC}") = "WebAPIDemoProject", "WebAPIDemoProject.csproj", "{76C0F683-0947-4FDA-B35D-E4C0D3D701DF}"
EndProject
Global
	GlobalSection(SolutionConfigurationPlatforms) = preSolution
		Debug|Any CPU = Debug|Any CPU
		Release|Any CPU = Release|Any CPU
	EndGlobalSection
	GlobalSection(ProjectConfigurationPlatforms) = postSolution
		{76C0F683-0947-4FDA-B35D-E4C0D3D701DF}.Debug|Any CPU.ActiveCfg = Debug|Any CPU
		{76C0F683-0947-4FDA-B35D-E4C0D3D701DF}.Debug|Any CPU.Build.0 = Debug|Any CPU
		{76C0F683-0947-4FDA-B35D-E4C0D3D701DF}.Release|Any CPU.ActiveCfg = Release|Any CPU
		{76C0F683-0947-4FDA-B35D-E4C0D3D701DF}.Release|Any CPU.Build.0 = Release|Any CPU
	EndGlobalSection
	GlobalSection(SolutionProperties) = preSolution
		HideSolutionNode = FALSE
	EndGlobalSection
	GlobalSection(ExtensibilityGlobals) = postSolution
		SolutionGuid = {377A1BF1-6E28-42E7-8582-DE1BE1D7B548}
	EndGlobalSection
EndGlobal
